
Microsoft Visual Studio Solution File, Format Version 12.00
# Visual Studio Version 17
VisualStudioVersion = 17.14.36915.13 d17.14
MinimumVisualStudioVersion = 10.0.40219.1
Project("{FAE04EC0-301F-11D3-BF4B-00C04F79EFBC}") = "BlankApp", "BlankApp.csproj", "{4C7582EB-C3A7-4116-867A-DF52B2DE4B0C}"
EndProject
Global
	GlobalSection(SolutionConfigurationPlatforms) = preSolution
		Debug|Any CPU = Debug|Any CPU
		Release|Any CPU = Release|Any CPU
	EndGlobalSection
	GlobalSection(ProjectConfigurationPlatforms) = postSolution
		{4C7582EB-C3A7-4116-867A-DF52B2DE4B0C}.Debug|Any CPU.ActiveCfg = Debug|Any CPU
		{4C7582EB-C3A7-4116-867A-DF52B2DE4B0C}.Debug|Any CPU.Build.0 = Debug|Any CPU
		{4C7582EB-C3A7-4116-867A-DF52B2DE4B0C}.Release|Any CPU.ActiveCfg = Release|Any CPU
		{4C7582EB-C3A7-4116-867A-DF52B2DE4B0C}.Release|Any CPU.Build.0 = Release|Any CPU
	EndGlobalSection
	GlobalSection(SolutionProperties) = preSolution
		HideSolutionNode = FALSE
	EndGlobalSection
	GlobalSection(ExtensibilityGlobals) = postSolution
		SolutionGuid = {47AD5818-1B99-4DE4-BFBA-32C845B1AB3B}
	EndGlobalSection
EndGlobal
